// !$*UTF8*$!
{
	archiveVersion = 1;
	classes = {
	};
	objectVersion = 56;
	objects = {

/* Begin PBXBuildFile section */
		83130D322B21BEAF00ACFD84 /* CircularButtonStyle.swift in Sources */ = {isa = PBXBuildFile; fileRef = 83130D312B21BEAF00ACFD84 /* CircularButtonStyle.swift */; };
		8317E6352AFCC2B7003543CB /* TimeBankApp.swift in Sources */ = {isa = PBXBuildFile; fileRef = 8317E6342AFCC2B7003543CB /* TimeBankApp.swift */; };
		8317E6392AFCC2B8003543CB /* BankItem.swift in Sources */ = {isa = PBXBuildFile; fileRef = 8317E6382AFCC2B8003543CB /* BankItem.swift */; };
		8317E63B2AFCC2B9003543CB /* Assets.xcassets in Resources */ = {isa = PBXBuildFile; fileRef = 8317E63A2AFCC2B9003543CB /* Assets.xcassets */; };
		8317E63F2AFCC2B9003543CB /* Preview Assets.xcassets in Resources */ = {isa = PBXBuildFile; fileRef = 8317E63E2AFCC2B9003543CB /* Preview Assets.xcassets */; };
		8317E64A2AFCC2B9003543CB /* TimeBankTests.swift in Sources */ = {isa = PBXBuildFile; fileRef = 8317E6492AFCC2B9003543CB /* TimeBankTests.swift */; };
		8317E6542AFCC2B9003543CB /* TimeBankUITests.swift in Sources */ = {isa = PBXBuildFile; fileRef = 8317E6532AFCC2B9003543CB /* TimeBankUITests.swift */; };
		8317E6562AFCC2B9003543CB /* TimeBankUITestsLaunchTests.swift in Sources */ = {isa = PBXBuildFile; fileRef = 8317E6552AFCC2B9003543CB /* TimeBankUITestsLaunchTests.swift */; };
		835B8B7C2AFCDAB5001A144D /* NewBankItem.swift in Sources */ = {isa = PBXBuildFile; fileRef = 835B8B7B2AFCDAB5001A144D /* NewBankItem.swift */; };
		83BCD6DB2B0734EA004FCBE1 /* ListView.swift in Sources */ = {isa = PBXBuildFile; fileRef = 83BCD6DA2B0734EA004FCBE1 /* ListView.swift */; };
		83BCD6DD2B07369D004FCBE1 /* AppData.swift in Sources */ = {isa = PBXBuildFile; fileRef = 83BCD6DC2B07369D004FCBE1 /* AppData.swift */; };
		83BCD6DF2B0746E6004FCBE1 /* ContentView.swift in Sources */ = {isa = PBXBuildFile; fileRef = 83BCD6DE2B0746E6004FCBE1 /* ContentView.swift */; };
		83BCD6E12B07474E004FCBE1 /* Home.swift in Sources */ = {isa = PBXBuildFile; fileRef = 83BCD6E02B07474E004FCBE1 /* Home.swift */; };
		83E0BB682B2AA3B000F1396E /* ShowItem.swift in Sources */ = {isa = PBXBuildFile; fileRef = 83E0BB672B2AA3B000F1396E /* ShowItem.swift */; };
		83E0BB6A2B2AD87B00F1396E /* ItemLog.swift in Sources */ = {isa = PBXBuildFile; fileRef = 83E0BB692B2AD87B00F1396E /* ItemLog.swift */; };
		83E0BB6C2B2ADF7300F1396E /* LogView.swift in Sources */ = {isa = PBXBuildFile; fileRef = 83E0BB6B2B2ADF7300F1396E /* LogView.swift */; };
		83E0BB6F2B2AEE8400F1396E /* DateExt.swift in Sources */ = {isa = PBXBuildFile; fileRef = 83E0BB6E2B2AEE8400F1396E /* DateExt.swift */; };
/* End PBXBuildFile section */

/* Begin PBXContainerItemProxy section */
		8317E6462AFCC2B9003543CB /* PBXContainerItemProxy */ = {
			isa = PBXContainerItemProxy;
			containerPortal = 8317E6292AFCC2B7003543CB /* Project object */;
			proxyType = 1;
			remoteGlobalIDString = 8317E6302AFCC2B7003543CB;
			remoteInfo = TimeBank;
		};
		8317E6502AFCC2B9003543CB /* PBXContainerItemProxy */ = {
			isa = PBXContainerItemProxy;
			containerPortal = 8317E6292AFCC2B7003543CB /* Project object */;
			proxyType = 1;
			remoteGlobalIDString = 8317E6302AFCC2B7003543CB;
			remoteInfo = TimeBank;
		};
/* End PBXContainerItemProxy section */

/* Begin PBXFileReference section */
		83130D312B21BEAF00ACFD84 /* CircularButtonStyle.swift */ = {isa = PBXFileReference; fileEncoding = 4; lastKnownFileType = sourcecode.swift; path = CircularButtonStyle.swift; sourceTree = "<group>"; };
		8317E6312AFCC2B7003543CB /* TimeBank.app */ = {isa = PBXFileReference; explicitFileType = wrapper.application; includeInIndex = 0; path = TimeBank.app; sourceTree = BUILT_PRODUCTS_DIR; };
		8317E6342AFCC2B7003543CB /* TimeBankApp.swift */ = {isa = PBXFileReference; lastKnownFileType = sourcecode.swift; path = TimeBankApp.swift; sourceTree = "<group>"; };
		8317E6382AFCC2B8003543CB /* BankItem.swift */ = {isa = PBXFileReference; lastKnownFileType = sourcecode.swift; path = BankItem.swift; sourceTree = "<group>"; };
		8317E63A2AFCC2B9003543CB /* Assets.xcassets */ = {isa = PBXFileReference; lastKnownFileType = folder.assetcatalog; path = Assets.xcassets; sourceTree = "<group>"; };
		8317E63C2AFCC2B9003543CB /* TimeBank.entitlements */ = {isa = PBXFileReference; lastKnownFileType = text.plist.entitlements; path = TimeBank.entitlements; sourceTree = "<group>"; };
		8317E63E2AFCC2B9003543CB /* Preview Assets.xcassets */ = {isa = PBXFileReference; lastKnownFileType = folder.assetcatalog; path = "Preview Assets.xcassets"; sourceTree = "<group>"; };
		8317E6402AFCC2B9003543CB /* Info.plist */ = {isa = PBXFileReference; lastKnownFileType = text.plist.xml; path = Info.plist; sourceTree = "<group>"; };
		8317E6452AFCC2B9003543CB /* TimeBankTests.xctest */ = {isa = PBXFileReference; explicitFileType = wrapper.cfbundle; includeInIndex = 0; path = TimeBankTests.xctest; sourceTree = BUILT_PRODUCTS_DIR; };
		8317E6492AFCC2B9003543CB /* TimeBankTests.swift */ = {isa = PBXFileReference; lastKnownFileType = sourcecode.swift; path = TimeBankTests.swift; sourceTree = "<group>"; };
		8317E64F2AFCC2B9003543CB /* TimeBankUITests.xctest */ = {isa = PBXFileReference; explicitFileType = wrapper.cfbundle; includeInIndex = 0; path = TimeBankUITests.xctest; sourceTree = BUILT_PRODUCTS_DIR; };
		8317E6532AFCC2B9003543CB /* TimeBankUITests.swift */ = {isa = PBXFileReference; lastKnownFileType = sourcecode.swift; path = TimeBankUITests.swift; sourceTree = "<group>"; };
		8317E6552AFCC2B9003543CB /* TimeBankUITestsLaunchTests.swift */ = {isa = PBXFileReference; lastKnownFileType = sourcecode.swift; path = TimeBankUITestsLaunchTests.swift; sourceTree = "<group>"; };
		835B8B7B2AFCDAB5001A144D /* NewBankItem.swift */ = {isa = PBXFileReference; lastKnownFileType = sourcecode.swift; path = NewBankItem.swift; sourceTree = "<group>"; };
		83BCD6DA2B0734EA004FCBE1 /* ListView.swift */ = {isa = PBXFileReference; lastKnownFileType = sourcecode.swift; path = ListView.swift; sourceTree = "<group>"; };
		83BCD6DC2B07369D004FCBE1 /* AppData.swift */ = {isa = PBXFileReference; lastKnownFileType = sourcecode.swift; path = AppData.swift; sourceTree = "<group>"; };
		83BCD6DE2B0746E6004FCBE1 /* ContentView.swift */ = {isa = PBXFileReference; lastKnownFileType = sourcecode.swift; path = ContentView.swift; sourceTree = "<group>"; };
		83BCD6E02B07474E004FCBE1 /* Home.swift */ = {isa = PBXFileReference; lastKnownFileType = sourcecode.swift; path = Home.swift; sourceTree = "<group>"; };
		83E0BB672B2AA3B000F1396E /* ShowItem.swift */ = {isa = PBXFileReference; lastKnownFileType = sourcecode.swift; path = ShowItem.swift; sourceTree = "<group>"; };
		83E0BB692B2AD87B00F1396E /* ItemLog.swift */ = {isa = PBXFileReference; lastKnownFileType = sourcecode.swift; path = ItemLog.swift; sourceTree = "<group>"; };
		83E0BB6B2B2ADF7300F1396E /* LogView.swift */ = {isa = PBXFileReference; lastKnownFileType = sourcecode.swift; path = LogView.swift; sourceTree = "<group>"; };
		83E0BB6E2B2AEE8400F1396E /* DateExt.swift */ = {isa = PBXFileReference; lastKnownFileType = sourcecode.swift; path = DateExt.swift; sourceTree = "<group>"; };
/* End PBXFileReference section */

/* Begin PBXFrameworksBuildPhase section */
		8317E62E2AFCC2B7003543CB /* Frameworks */ = {
			isa = PBXFrameworksBuildPhase;
			buildActionMask = 2147483647;
			files = (
			);
			runOnlyForDeploymentPostprocessing = 0;
		};
		8317E6422AFCC2B9003543CB /* Frameworks */ = {
			isa = PBXFrameworksBuildPhase;
			buildActionMask = 2147483647;
			files = (
			);
			runOnlyForDeploymentPostprocessing = 0;
		};
		8317E64C2AFCC2B9003543CB /* Frameworks */ = {
			isa = PBXFrameworksBuildPhase;
			buildActionMask = 2147483647;
			files = (
			);
			runOnlyForDeploymentPostprocessing = 0;
		};
/* End PBXFrameworksBuildPhase section */

/* Begin PBXGroup section */
		83130D302B21BE9400ACFD84 /* help */ = {
			isa = PBXGroup;
			children = (
				83130D312B21BEAF00ACFD84 /* CircularButtonStyle.swift */,
			);
			path = help;
			sourceTree = "<group>";
		};
		8317E6282AFCC2B7003543CB = {
			isa = PBXGroup;
			children = (
				8317E6332AFCC2B7003543CB /* TimeBank */,
				8317E6482AFCC2B9003543CB /* TimeBankTests */,
				8317E6522AFCC2B9003543CB /* TimeBankUITests */,
				8317E6322AFCC2B7003543CB /* Products */,
			);
			sourceTree = "<group>";
		};
		8317E6322AFCC2B7003543CB /* Products */ = {
			isa = PBXGroup;
			children = (
				8317E6312AFCC2B7003543CB /* TimeBank.app */,
				8317E6452AFCC2B9003543CB /* TimeBankTests.xctest */,
				8317E64F2AFCC2B9003543CB /* TimeBankUITests.xctest */,
			);
			name = Products;
			sourceTree = "<group>";
		};
		8317E6332AFCC2B7003543CB /* TimeBank */ = {
			isa = PBXGroup;
			children = (
				83E0BB6D2B2AEE0900F1396E /* ext */,
				83130D302B21BE9400ACFD84 /* help */,
				835B8B7E2AFCDAD3001A144D /* model */,
				835B8B7D2AFCDAC0001A144D /* view */,
				8317E6342AFCC2B7003543CB /* TimeBankApp.swift */,
				8317E63A2AFCC2B9003543CB /* Assets.xcassets */,
				8317E63C2AFCC2B9003543CB /* TimeBank.entitlements */,
				8317E6402AFCC2B9003543CB /* Info.plist */,
				8317E63D2AFCC2B9003543CB /* Preview Content */,
			);
			path = TimeBank;
			sourceTree = "<group>";
		};
		8317E63D2AFCC2B9003543CB /* Preview Content */ = {
			isa = PBXGroup;
			children = (
				8317E63E2AFCC2B9003543CB /* Preview Assets.xcassets */,
			);
			path = "Preview Content";
			sourceTree = "<group>";
		};
		8317E6482AFCC2B9003543CB /* TimeBankTests */ = {
			isa = PBXGroup;
			children = (
				8317E6492AFCC2B9003543CB /* TimeBankTests.swift */,
			);
			path = TimeBankTests;
			sourceTree = "<group>";
		};
		8317E6522AFCC2B9003543CB /* TimeBankUITests */ = {
			isa = PBXGroup;
			children = (
				8317E6532AFCC2B9003543CB /* TimeBankUITests.swift */,
				8317E6552AFCC2B9003543CB /* TimeBankUITestsLaunchTests.swift */,
			);
			path = TimeBankUITests;
			sourceTree = "<group>";
		};
		835B8B7D2AFCDAC0001A144D /* view */ = {
			isa = PBXGroup;
			children = (
				835B8B7B2AFCDAB5001A144D /* NewBankItem.swift */,
				83BCD6DA2B0734EA004FCBE1 /* ListView.swift */,
				83BCD6E02B07474E004FCBE1 /* Home.swift */,
				83BCD6DE2B0746E6004FCBE1 /* ContentView.swift */,
				83E0BB672B2AA3B000F1396E /* ShowItem.swift */,
				83E0BB6B2B2ADF7300F1396E /* LogView.swift */,
			);
			path = view;
			sourceTree = "<group>";
		};
		835B8B7E2AFCDAD3001A144D /* model */ = {
			isa = PBXGroup;
			children = (
				8317E6382AFCC2B8003543CB /* BankItem.swift */,
				83E0BB692B2AD87B00F1396E /* ItemLog.swift */,
				83BCD6DC2B07369D004FCBE1 /* AppData.swift */,
			);
			path = model;
			sourceTree = "<group>";
		};
		83E0BB6D2B2AEE0900F1396E /* ext */ = {
			isa = PBXGroup;
			children = (
				83E0BB6E2B2AEE8400F1396E /* DateExt.swift */,
			);
			path = ext;
			sourceTree = "<group>";
		};
/* End PBXGroup section */

/* Begin PBXNativeTarget section */
		8317E6302AFCC2B7003543CB /* TimeBank */ = {
			isa = PBXNativeTarget;
			buildConfigurationList = 8317E6592AFCC2B9003543CB /* Build configuration list for PBXNativeTarget "TimeBank" */;
			buildPhases = (
				8317E62D2AFCC2B7003543CB /* Sources */,
				8317E62E2AFCC2B7003543CB /* Frameworks */,
				8317E62F2AFCC2B7003543CB /* Resources */,
			);
			buildRules = (
			);
			dependencies = (
			);
			name = TimeBank;
			productName = TimeBank;
			productReference = 8317E6312AFCC2B7003543CB /* TimeBank.app */;
			productType = "com.apple.product-type.application";
		};
		8317E6442AFCC2B9003543CB /* TimeBankTests */ = {
			isa = PBXNativeTarget;
			buildConfigurationList = 8317E65C2AFCC2B9003543CB /* Build configuration list for PBXNativeTarget "TimeBankTests" */;
			buildPhases = (
				8317E6412AFCC2B9003543CB /* Sources */,
				8317E6422AFCC2B9003543CB /* Frameworks */,
				8317E6432AFCC2B9003543CB /* Resources */,
			);
			buildRules = (
			);
			dependencies = (
				8317E6472AFCC2B9003543CB /* PBXTargetDependency */,
			);
			name = TimeBankTests;
			productName = TimeBankTests;
			productReference = 8317E6452AFCC2B9003543CB /* TimeBankTests.xctest */;
			productType = "com.apple.product-type.bundle.unit-test";
		};
		8317E64E2AFCC2B9003543CB /* TimeBankUITests */ = {
			isa = PBXNativeTarget;
			buildConfigurationList = 8317E65F2AFCC2B9003543CB /* Build configuration list for PBXNativeTarget "TimeBankUITests" */;
			buildPhases = (
				8317E64B2AFCC2B9003543CB /* Sources */,
				8317E64C2AFCC2B9003543CB /* Frameworks */,
				8317E64D2AFCC2B9003543CB /* Resources */,
			);
			buildRules = (
			);
			dependencies = (
				8317E6512AFCC2B9003543CB /* PBXTargetDependency */,
			);
			name = TimeBankUITests;
			productName = TimeBankUITests;
			productReference = 8317E64F2AFCC2B9003543CB /* TimeBankUITests.xctest */;
			productType = "com.apple.product-type.bundle.ui-testing";
		};
/* End PBXNativeTarget section */

/* Begin PBXProject section */
		8317E6292AFCC2B7003543CB /* Project object */ = {
			isa = PBXProject;
			attributes = {
				BuildIndependentTargetsInParallel = 1;
				LastSwiftUpdateCheck = 1500;
				LastUpgradeCheck = 1510;
				TargetAttributes = {
					8317E6302AFCC2B7003543CB = {
						CreatedOnToolsVersion = 15.0.1;
					};
					8317E6442AFCC2B9003543CB = {
						CreatedOnToolsVersion = 15.0.1;
						TestTargetID = 8317E6302AFCC2B7003543CB;
					};
					8317E64E2AFCC2B9003543CB = {
						CreatedOnToolsVersion = 15.0.1;
						TestTargetID = 8317E6302AFCC2B7003543CB;
					};
				};
			};
			buildConfigurationList = 8317E62C2AFCC2B7003543CB /* Build configuration list for PBXProject "TimeBank" */;
			compatibilityVersion = "Xcode 14.0";
			developmentRegion = en;
			hasScannedForEncodings = 0;
			knownRegions = (
				en,
				Base,
			);
			mainGroup = 8317E6282AFCC2B7003543CB;
			productRefGroup = 8317E6322AFCC2B7003543CB /* Products */;
			projectDirPath = "";
			projectRoot = "";
			targets = (
				8317E6302AFCC2B7003543CB /* TimeBank */,
				8317E6442AFCC2B9003543CB /* TimeBankTests */,
				8317E64E2AFCC2B9003543CB /* TimeBankUITests */,
			);
		};
/* End PBXProject section */

/* Begin PBXResourcesBuildPhase section */
		8317E62F2AFCC2B7003543CB /* Resources */ = {
			isa = PBXResourcesBuildPhase;
			buildActionMask = 2147483647;
			files = (
				8317E63F2AFCC2B9003543CB /* Preview Assets.xcassets in Resources */,
				8317E63B2AFCC2B9003543CB /* Assets.xcassets in Resources */,
			);
			runOnlyForDeploymentPostprocessing = 0;
		};
		8317E6432AFCC2B9003543CB /* Resources */ = {
			isa = PBXResourcesBuildPhase;
			buildActionMask = 2147483647;
			files = (
			);
			runOnlyForDeploymentPostprocessing = 0;
		};
		8317E64D2AFCC2B9003543CB /* Resources */ = {
			isa = PBXResourcesBuildPhase;
			buildActionMask = 2147483647;
			files = (
			);
			runOnlyForDeploymentPostprocessing = 0;
		};
/* End PBXResourcesBuildPhase section */

/* Begin PBXSourcesBuildPhase section */
		8317E62D2AFCC2B7003543CB /* Sources */ = {
			isa = PBXSourcesBuildPhase;
			buildActionMask = 2147483647;
			files = (
				83E0BB6C2B2ADF7300F1396E /* LogView.swift in Sources */,
				83E0BB682B2AA3B000F1396E /* ShowItem.swift in Sources */,
				83BCD6DF2B0746E6004FCBE1 /* ContentView.swift in Sources */,
				83BCD6DB2B0734EA004FCBE1 /* ListView.swift in Sources */,
				83130D322B21BEAF00ACFD84 /* CircularButtonStyle.swift in Sources */,
				83BCD6DD2B07369D004FCBE1 /* AppData.swift in Sources */,
				83BCD6E12B07474E004FCBE1 /* Home.swift in Sources */,
				83E0BB6F2B2AEE8400F1396E /* DateExt.swift in Sources */,
				835B8B7C2AFCDAB5001A144D /* NewBankItem.swift in Sources */,
				8317E6392AFCC2B8003543CB /* BankItem.swift in Sources */,
				8317E6352AFCC2B7003543CB /* TimeBankApp.swift in Sources */,
				83E0BB6A2B2AD87B00F1396E /* ItemLog.swift in Sources */,
			);
			runOnlyForDeploymentPostprocessing = 0;
		};
		8317E6412AFCC2B9003543CB /* Sources */ = {
			isa = PBXSourcesBuildPhase;
			buildActionMask = 2147483647;
			files = (
				8317E64A2AFCC2B9003543CB /* TimeBankTests.swift in Sources */,
			);
			runOnlyForDeploymentPostprocessing = 0;
		};
		8317E64B2AFCC2B9003543CB /* Sources */ = {
			isa = PBXSourcesBuildPhase;
			buildActionMask = 2147483647;
			files = (
				8317E6562AFCC2B9003543CB /* TimeBankUITestsLaunchTests.swift in Sources */,
				8317E6542AFCC2B9003543CB /* TimeBankUITests.swift in Sources */,
			);
			runOnlyForDeploymentPostprocessing = 0;
		};
/* End PBXSourcesBuildPhase section */

/* Begin PBXTargetDependency section */
		8317E6472AFCC2B9003543CB /* PBXTargetDependency */ = {
			isa = PBXTargetDependency;
			target = 8317E6302AFCC2B7003543CB /* TimeBank */;
			targetProxy = 8317E6462AFCC2B9003543CB /* PBXContainerItemProxy */;
		};
		8317E6512AFCC2B9003543CB /* PBXTargetDependency */ = {
			isa = PBXTargetDependency;
			target = 8317E6302AFCC2B7003543CB /* TimeBank */;
			targetProxy = 8317E6502AFCC2B9003543CB /* PBXContainerItemProxy */;
		};
/* End PBXTargetDependency section */

/* Begin XCBuildConfiguration section */
		8317E6572AFCC2B9003543CB /* Debug */ = {
			isa = XCBuildConfiguration;
			buildSettings = {
				ALWAYS_SEARCH_USER_PATHS = NO;
				ASSETCATALOG_COMPILER_GENERATE_SWIFT_ASSET_SYMBOL_EXTENSIONS = YES;
				CLANG_ANALYZER_NONNULL = YES;
				CLANG_ANALYZER_NUMBER_OBJECT_CONVERSION = YES_AGGRESSIVE;
				CLANG_CXX_LANGUAGE_STANDARD = "gnu++20";
				CLANG_ENABLE_MODULES = YES;
				CLANG_ENABLE_OBJC_ARC = YES;
				CLANG_ENABLE_OBJC_WEAK = YES;
				CLANG_WARN_BLOCK_CAPTURE_AUTORELEASING = YES;
				CLANG_WARN_BOOL_CONVERSION = YES;
				CLANG_WARN_COMMA = YES;
				CLANG_WARN_CONSTANT_CONVERSION = YES;
				CLANG_WARN_DEPRECATED_OBJC_IMPLEMENTATIONS = YES;
				CLANG_WARN_DIRECT_OBJC_ISA_USAGE = YES_ERROR;
				CLANG_WARN_DOCUMENTATION_COMMENTS = YES;
				CLANG_WARN_EMPTY_BODY = YES;
				CLANG_WARN_ENUM_CONVERSION = YES;
				CLANG_WARN_INFINITE_RECURSION = YES;
				CLANG_WARN_INT_CONVERSION = YES;
				CLANG_WARN_NON_LITERAL_NULL_CONVERSION = YES;
				CLANG_WARN_OBJC_IMPLICIT_RETAIN_SELF = YES;
				CLANG_WARN_OBJC_LITERAL_CONVERSION = YES;
				CLANG_WARN_OBJC_ROOT_CLASS = YES_ERROR;
				CLANG_WARN_QUOTED_INCLUDE_IN_FRAMEWORK_HEADER = YES;
				CLANG_WARN_RANGE_LOOP_ANALYSIS = YES;
				CLANG_WARN_STRICT_PROTOTYPES = YES;
				CLANG_WARN_SUSPICIOUS_MOVE = YES;
				CLANG_WARN_UNGUARDED_AVAILABILITY = YES_AGGRESSIVE;
				CLANG_WARN_UNREACHABLE_CODE = YES;
				CLANG_WARN__DUPLICATE_METHOD_MATCH = YES;
				COPY_PHASE_STRIP = NO;
				DEAD_CODE_STRIPPING = YES;
				DEBUG_INFORMATION_FORMAT = dwarf;
				ENABLE_STRICT_OBJC_MSGSEND = YES;
				ENABLE_TESTABILITY = YES;
				ENABLE_USER_SCRIPT_SANDBOXING = YES;
				GCC_C_LANGUAGE_STANDARD = gnu17;
				GCC_DYNAMIC_NO_PIC = NO;
				GCC_NO_COMMON_BLOCKS = YES;
				GCC_OPTIMIZATION_LEVEL = 0;
				GCC_PREPROCESSOR_DEFINITIONS = (
					"DEBUG=1",
					"$(inherited)",
				);
				GCC_WARN_64_TO_32_BIT_CONVERSION = YES;
				GCC_WARN_ABOUT_RETURN_TYPE = YES_ERROR;
				GCC_WARN_UNDECLARED_SELECTOR = YES;
				GCC_WARN_UNINITIALIZED_AUTOS = YES_AGGRESSIVE;
				GCC_WARN_UNUSED_FUNCTION = YES;
				GCC_WARN_UNUSED_VARIABLE = YES;
				LOCALIZATION_PREFERS_STRING_CATALOGS = YES;
				MTL_ENABLE_DEBUG_INFO = INCLUDE_SOURCE;
				MTL_FAST_MATH = YES;
				ONLY_ACTIVE_ARCH = YES;
				SWIFT_ACTIVE_COMPILATION_CONDITIONS = "DEBUG $(inherited)";
				SWIFT_OPTIMIZATION_LEVEL = "-Onone";
			};
			name = Debug;
		};
		8317E6582AFCC2B9003543CB /* Release */ = {
			isa = XCBuildConfiguration;
			buildSettings = {
				ALWAYS_SEARCH_USER_PATHS = NO;
				ASSETCATALOG_COMPILER_GENERATE_SWIFT_ASSET_SYMBOL_EXTENSIONS = YES;
				CLANG_ANALYZER_NONNULL = YES;
				CLANG_ANALYZER_NUMBER_OBJECT_CONVERSION = YES_AGGRESSIVE;
				CLANG_CXX_LANGUAGE_STANDARD = "gnu++20";
				CLANG_ENABLE_MODULES = YES;
				CLANG_ENABLE_OBJC_ARC = YES;
				CLANG_ENABLE_OBJC_WEAK = YES;
				CLANG_WARN_BLOCK_CAPTURE_AUTORELEASING = YES;
				CLANG_WARN_BOOL_CONVERSION = YES;
				CLANG_WARN_COMMA = YES;
				CLANG_WARN_CONSTANT_CONVERSION = YES;
				CLANG_WARN_DEPRECATED_OBJC_IMPLEMENTATIONS = YES;
				CLANG_WARN_DIRECT_OBJC_ISA_USAGE = YES_ERROR;
				CLANG_WARN_DOCUMENTATION_COMMENTS = YES;
				CLANG_WARN_EMPTY_BODY = YES;
				CLANG_WARN_ENUM_CONVERSION = YES;
				CLANG_WARN_INFINITE_RECURSION = YES;
				CLANG_WARN_INT_CONVERSION = YES;
				CLANG_WARN_NON_LITERAL_NULL_CONVERSION = YES;
				CLANG_WARN_OBJC_IMPLICIT_RETAIN_SELF = YES;
				CLANG_WARN_OBJC_LITERAL_CONVERSION = YES;
				CLANG_WARN_OBJC_ROOT_CLASS = YES_ERROR;
				CLANG_WARN_QUOTED_INCLUDE_IN_FRAMEWORK_HEADER = YES;
				CLANG_WARN_RANGE_LOOP_ANALYSIS = YES;
				CLANG_WARN_STRICT_PROTOTYPES = YES;
				CLANG_WARN_SUSPICIOUS_MOVE = YES;
				CLANG_WARN_UNGUARDED_AVAILABILITY = YES_AGGRESSIVE;
				CLANG_WARN_UNREACHABLE_CODE = YES;
				CLANG_WARN__DUPLICATE_METHOD_MATCH = YES;
				COPY_PHASE_STRIP = NO;
				DEAD_CODE_STRIPPING = YES;
				DEBUG_INFORMATION_FORMAT = "dwarf-with-dsym";
				ENABLE_NS_ASSERTIONS = NO;
				ENABLE_STRICT_OBJC_MSGSEND = YES;
				ENABLE_USER_SCRIPT_SANDBOXING = YES;
				GCC_C_LANGUAGE_STANDARD = gnu17;
				GCC_NO_COMMON_BLOCKS = YES;
				GCC_WARN_64_TO_32_BIT_CONVERSION = YES;
				GCC_WARN_ABOUT_RETURN_TYPE = YES_ERROR;
				GCC_WARN_UNDECLARED_SELECTOR = YES;
				GCC_WARN_UNINITIALIZED_AUTOS = YES_AGGRESSIVE;
				GCC_WARN_UNUSED_FUNCTION = YES;
				GCC_WARN_UNUSED_VARIABLE = YES;
				LOCALIZATION_PREFERS_STRING_CATALOGS = YES;
				MTL_ENABLE_DEBUG_INFO = NO;
				MTL_FAST_MATH = YES;
				SWIFT_COMPILATION_MODE = wholemodule;
			};
			name = Release;
		};
		8317E65A2AFCC2B9003543CB /* Debug */ = {
			isa = XCBuildConfiguration;
			buildSettings = {
				ASSETCATALOG_COMPILER_APPICON_NAME = AppIcon;
				ASSETCATALOG_COMPILER_GLOBAL_ACCENT_COLOR_NAME = AccentColor;
				ASSETCATALOG_COMPILER_INCLUDE_ALL_APPICON_ASSETS = YES;
				CODE_SIGN_ENTITLEMENTS = TimeBank/TimeBank.entitlements;
				CODE_SIGN_STYLE = Automatic;
				CURRENT_PROJECT_VERSION = 1;
				DEAD_CODE_STRIPPING = YES;
				DEVELOPMENT_ASSET_PATHS = "\"TimeBank/Preview Content\"";
				DEVELOPMENT_TEAM = M84W4U7RV7;
				ENABLE_HARDENED_RUNTIME = YES;
				ENABLE_PREVIEWS = YES;
				GENERATE_INFOPLIST_FILE = YES;
				INFOPLIST_FILE = TimeBank/Info.plist;
				INFOPLIST_KEY_LSApplicationCategoryType = "";
				"INFOPLIST_KEY_UIApplicationSceneManifest_Generation[sdk=iphoneos*]" = YES;
				"INFOPLIST_KEY_UIApplicationSceneManifest_Generation[sdk=iphonesimulator*]" = YES;
				"INFOPLIST_KEY_UIApplicationSupportsIndirectInputEvents[sdk=iphoneos*]" = YES;
				"INFOPLIST_KEY_UIApplicationSupportsIndirectInputEvents[sdk=iphonesimulator*]" = YES;
				"INFOPLIST_KEY_UILaunchScreen_Generation[sdk=iphoneos*]" = YES;
				"INFOPLIST_KEY_UILaunchScreen_Generation[sdk=iphonesimulator*]" = YES;
				"INFOPLIST_KEY_UIStatusBarStyle[sdk=iphoneos*]" = UIStatusBarStyleDefault;
				"INFOPLIST_KEY_UIStatusBarStyle[sdk=iphonesimulator*]" = UIStatusBarStyleDefault;
				INFOPLIST_KEY_UISupportedInterfaceOrientations = "UIInterfaceOrientationPortrait UIInterfaceOrientationPortraitUpsideDown";
				INFOPLIST_KEY_UISupportedInterfaceOrientations_iPad = "UIInterfaceOrientationLandscapeLeft UIInterfaceOrientationLandscapeRight UIInterfaceOrientationPortrait UIInterfaceOrientationPortraitUpsideDown";
				IPHONEOS_DEPLOYMENT_TARGET = 17.0;
				LD_RUNPATH_SEARCH_PATHS = "@executable_path/Frameworks";
				"LD_RUNPATH_SEARCH_PATHS[sdk=macosx*]" = "@executable_path/../Frameworks";
				MACOSX_DEPLOYMENT_TARGET = 14.0;
				MARKETING_VERSION = 1.0;
				PRODUCT_BUNDLE_IDENTIFIER = com.muyuntage.TimeBank;
				PRODUCT_NAME = "$(TARGET_NAME)";
				SDKROOT = auto;
				SUPPORTED_PLATFORMS = "iphoneos iphonesimulator macosx";
				SWIFT_EMIT_LOC_STRINGS = YES;
				SWIFT_VERSION = 5.0;
				TARGETED_DEVICE_FAMILY = "1,2";
			};
			name = Debug;
		};
		8317E65B2AFCC2B9003543CB /* Release */ = {
			isa = XCBuildConfiguration;
			buildSettings = {
				ASSETCATALOG_COMPILER_APPICON_NAME = AppIcon;
				ASSETCATALOG_COMPILER_GLOBAL_ACCENT_COLOR_NAME = AccentColor;
				ASSETCATALOG_COMPILER_INCLUDE_ALL_APPICON_ASSETS = YES;
				CODE_SIGN_ENTITLEMENTS = TimeBank/TimeBank.entitlements;
				CODE_SIGN_STYLE = Automatic;
				CURRENT_PROJECT_VERSION = 1;
				DEAD_CODE_STRIPPING = YES;
				DEVELOPMENT_ASSET_PATHS = "\"TimeBank/Preview Content\"";
				DEVELOPMENT_TEAM = M84W4U7RV7;
				ENABLE_HARDENED_RUNTIME = YES;
				ENABLE_PREVIEWS = YES;
				GENERATE_INFOPLIST_FILE = YES;
				INFOPLIST_FILE = TimeBank/Info.plist;
				INFOPLIST_KEY_LSApplicationCategoryType = "";
				"INFOPLIST_KEY_UIApplicationSceneManifest_Generation[sdk=iphoneos*]" = YES;
				"INFOPLIST_KEY_UIApplicationSceneManifest_Generation[sdk=iphonesimulator*]" = YES;
				"INFOPLIST_KEY_UIApplicationSupportsIndirectInputEvents[sdk=iphoneos*]" = YES;
				"INFOPLIST_KEY_UIApplicationSupportsIndirectInputEvents[sdk=iphonesimulator*]" = YES;
				"INFOPLIST_KEY_UILaunchScreen_Generation[sdk=iphoneos*]" = YES;
				"INFOPLIST_KEY_UILaunchScreen_Generation[sdk=iphonesimulator*]" = YES;
				"INFOPLIST_KEY_UIStatusBarStyle[sdk=iphoneos*]" = UIStatusBarStyleDefault;
				"INFOPLIST_KEY_UIStatusBarStyle[sdk=iphonesimulator*]" = UIStatusBarStyleDefault;
				INFOPLIST_KEY_UISupportedInterfaceOrientations = "UIInterfaceOrientationPortrait UIInterfaceOrientationPortraitUpsideDown";
				INFOPLIST_KEY_UISupportedInterfaceOrientations_iPad = "UIInterfaceOrientationLandscapeLeft UIInterfaceOrientationLandscapeRight UIInterfaceOrientationPortrait UIInterfaceOrientationPortraitUpsideDown";
				IPHONEOS_DEPLOYMENT_TARGET = 17.0;
				LD_RUNPATH_SEARCH_PATHS = "@executable_path/Frameworks";
				"LD_RUNPATH_SEARCH_PATHS[sdk=macosx*]" = "@executable_path/../Frameworks";
				MACOSX_DEPLOYMENT_TARGET = 14.0;
				MARKETING_VERSION = 1.0;
				PRODUCT_BUNDLE_IDENTIFIER = com.muyuntage.TimeBank;
				PRODUCT_NAME = "$(TARGET_NAME)";
				SDKROOT = auto;
				SUPPORTED_PLATFORMS = "iphoneos iphonesimulator macosx";
				SWIFT_EMIT_LOC_STRINGS = YES;
				SWIFT_VERSION = 5.0;
				TARGETED_DEVICE_FAMILY = "1,2";
			};
			name = Release;
		};
		8317E65D2AFCC2B9003543CB /* Debug */ = {
			isa = XCBuildConfiguration;
			buildSettings = {
				ALWAYS_EMBED_SWIFT_STANDARD_LIBRARIES = YES;
				BUNDLE_LOADER = "$(TEST_HOST)";
				CODE_SIGN_STYLE = Automatic;
				CURRENT_PROJECT_VERSION = 1;
				DEAD_CODE_STRIPPING = YES;
				DEVELOPMENT_TEAM = M84W4U7RV7;
				GENERATE_INFOPLIST_FILE = YES;
				IPHONEOS_DEPLOYMENT_TARGET = 17.0;
				MACOSX_DEPLOYMENT_TARGET = 14.0;
				MARKETING_VERSION = 1.0;
				PRODUCT_BUNDLE_IDENTIFIER = com.muyuntage.TimeBankTests;
				PRODUCT_NAME = "$(TARGET_NAME)";
				SDKROOT = auto;
				SUPPORTED_PLATFORMS = "iphoneos iphonesimulator macosx";
				SWIFT_EMIT_LOC_STRINGS = NO;
				SWIFT_VERSION = 5.0;
				TARGETED_DEVICE_FAMILY = "1,2";
				TEST_HOST = "$(BUILT_PRODUCTS_DIR)/TimeBank.app/$(BUNDLE_EXECUTABLE_FOLDER_PATH)/TimeBank";
			};
			name = Debug;
		};
		8317E65E2AFCC2B9003543CB /* Release */ = {
			isa = XCBuildConfiguration;
			buildSettings = {
				ALWAYS_EMBED_SWIFT_STANDARD_LIBRARIES = YES;
				BUNDLE_LOADER = "$(TEST_HOST)";
				CODE_SIGN_STYLE = Automatic;
				CURRENT_PROJECT_VERSION = 1;
				DEAD_CODE_STRIPPING = YES;
				DEVELOPMENT_TEAM = M84W4U7RV7;
				GENERATE_INFOPLIST_FILE = YES;
				IPHONEOS_DEPLOYMENT_TARGET = 17.0;
				MACOSX_DEPLOYMENT_TARGET = 14.0;
				MARKETING_VERSION = 1.0;
				PRODUCT_BUNDLE_IDENTIFIER = com.muyuntage.TimeBankTests;
				PRODUCT_NAME = "$(TARGET_NAME)";
				SDKROOT = auto;
				SUPPORTED_PLATFORMS = "iphoneos iphonesimulator macosx";
				SWIFT_EMIT_LOC_STRINGS = NO;
				SWIFT_VERSION = 5.0;
				TARGETED_DEVICE_FAMILY = "1,2";
				TEST_HOST = "$(BUILT_PRODUCTS_DIR)/TimeBank.app/$(BUNDLE_EXECUTABLE_FOLDER_PATH)/TimeBank";
			};
			name = Release;
		};
		8317E6602AFCC2B9003543CB /* Debug */ = {
			isa = XCBuildConfiguration;
			buildSettings = {
				ALWAYS_EMBED_SWIFT_STANDARD_LIBRARIES = YES;
				CODE_SIGN_STYLE = Automatic;
				CURRENT_PROJECT_VERSION = 1;
				DEAD_CODE_STRIPPING = YES;
				DEVELOPMENT_TEAM = M84W4U7RV7;
				GENERATE_INFOPLIST_FILE = YES;
				IPHONEOS_DEPLOYMENT_TARGET = 17.0;
				MACOSX_DEPLOYMENT_TARGET = 14.0;
				MARKETING_VERSION = 1.0;
				PRODUCT_BUNDLE_IDENTIFIER = com.muyuntage.TimeBankUITests;
				PRODUCT_NAME = "$(TARGET_NAME)";
				SDKROOT = auto;
				SUPPORTED_PLATFORMS = "iphoneos iphonesimulator macosx";
				SWIFT_EMIT_LOC_STRINGS = NO;
				SWIFT_VERSION = 5.0;
				TARGETED_DEVICE_FAMILY = "1,2";
				TEST_TARGET_NAME = TimeBank;
			};
			name = Debug;
		};
		8317E6612AFCC2B9003543CB /* Release */ = {
			isa = XCBuildConfiguration;
			buildSettings = {
				ALWAYS_EMBED_SWIFT_STANDARD_LIBRARIES = YES;
				CODE_SIGN_STYLE = Automatic;
				CURRENT_PROJECT_VERSION = 1;
				DEAD_CODE_STRIPPING = YES;
				DEVELOPMENT_TEAM = M84W4U7RV7;
				GENERATE_INFOPLIST_FILE = YES;
				IPHONEOS_DEPLOYMENT_TARGET = 17.0;
				MACOSX_DEPLOYMENT_TARGET = 14.0;
				MARKETING_VERSION = 1.0;
				PRODUCT_BUNDLE_IDENTIFIER = com.muyuntage.TimeBankUITests;
				PRODUCT_NAME = "$(TARGET_NAME)";
				SDKROOT = auto;
				SUPPORTED_PLATFORMS = "iphoneos iphonesimulator macosx";
				SWIFT_EMIT_LOC_STRINGS = NO;
				SWIFT_VERSION = 5.0;
				TARGETED_DEVICE_FAMILY = "1,2";
				TEST_TARGET_NAME = TimeBank;
			};
			name = Release;
		};
/* End XCBuildConfiguration section */

/* Begin XCConfigurationList section */
		8317E62C2AFCC2B7003543CB /* Build configuration list for PBXProject "TimeBank" */ = {
			isa = XCConfigurationList;
			buildConfigurations = (
				8317E6572AFCC2B9003543CB /* Debug */,
				8317E6582AFCC2B9003543CB /* Release */,
			);
			defaultConfigurationIsVisible = 0;
			defaultConfigurationName = Release;
		};
		8317E6592AFCC2B9003543CB /* Build configuration list for PBXNativeTarget "TimeBank" */ = {
			isa = XCConfigurationList;
			buildConfigurations = (
				8317E65A2AFCC2B9003543CB /* Debug */,
				8317E65B2AFCC2B9003543CB /* Release */,
			);
			defaultConfigurationIsVisible = 0;
			defaultConfigurationName = Release;
		};
		8317E65C2AFCC2B9003543CB /* Build configuration list for PBXNativeTarget "TimeBankTests" */ = {
			isa = XCConfigurationList;
			buildConfigurations = (
				8317E65D2AFCC2B9003543CB /* Debug */,
				8317E65E2AFCC2B9003543CB /* Release */,
			);
			defaultConfigurationIsVisible = 0;
			defaultConfigurationName = Release;
		};
		8317E65F2AFCC2B9003543CB /* Build configuration list for PBXNativeTarget "TimeBankUITests" */ = {
			isa = XCConfigurationList;
			buildConfigurations = (
				8317E6602AFCC2B9003543CB /* Debug */,
				8317E6612AFCC2B9003543CB /* Release */,
			);
			defaultConfigurationIsVisible = 0;
			defaultConfigurationName = Release;
		};
/* End XCConfigurationList section */
	};
	rootObject = 8317E6292AFCC2B7003543CB /* Project object */;
}
